{
  "name": "thirdexperiment",
  "lockfileVersion": 2,
  "requires": true,
  "packages": {
    "": {
      "dependencies": {
        "qweather-icons": "^1.6.0"
      }
    },
    "node_modules/qweather-icons": {
      "version": "1.6.0",
      "resolved": "https://registry.npmmirror.com/qweather-icons/-/qweather-icons-1.6.0.tgz",
      "integrity": "sha512-uINrSOteHHarEeHRpP37aBnuuwYnWc1eyZ2gbnujoEqOVabIPDiEseF7a9eIOnBn7GZBlo5nYj29eOEfLH/bEA==",
      "engines": {
        "node": ">=10"
      }
    }
  },
  "dependencies": {
    "qweather-icons": {
      "version": "1.6.0",
      "resolved": "https://registry.npmmirror.com/qweather-icons/-/qweather-icons-1.6.0.tgz",
      "integrity": "sha512-uINrSOteHHarEeHRpP37aBnuuwYnWc1eyZ2gbnujoEqOVabIPDiEseF7a9eIOnBn7GZBlo5nYj29eOEfLH/bEA=="
    }
  }
}
